# Pinned Ferrum Edge release used by the Anvil failure lab.
# Fields: <asset name> <sha256> (copied from the release's .sha256 assets and
# verified locally on download). Source commit of the tag is recorded for
# catalog provenance. Selected with `anvil-lab --release v0.9.9` (or
# ANVIL_LAB_RELEASE=v0.9.9); must stay identical to lab/gateway/RELEASE.lock
# while v0.9.9 is the default pin.
release v0.9.9
source_sha 234717ce41965cd1e2b5c6c761a25475c5d7628c
ferrum-edge-macos-aarch64 13e42412104767e5963733d0459bff97eb1895ba88bf5ad7985feca620f261a9
ferrum-edge-linux-aarch64 6d6c36732777f1e970ac13826799d72b461adaed9fd22f248854fb92a4d85c1a
ferrum-edge-linux-x86_64 e628f60a7d12ad526781cedbd0b15ab3447d99f37222c46a2cda4c3bc3e955c5
ferrum-edge-macos-x86_64 0f22819a31d030199d10df0bf2f9d5d0775aaea1768860b78de18cecfd4b69fb
ferrum-edge-windows-x86_64.exe 8130bad9c95e21dc52d99bff4d3b841d4af0959bdeeca14e5afc98f1f086cadf
