# Source-audited default for the Anvil failure lab; hosted Anvil gates pending.
# Published Edge v0.9.14, release 405571232, immutable source below.
# Asset names and SHA-256 are the GitHub API asset digests of the published
# release, matching its .sha256 sidecars, verified by root (2026-10-08).
# https://github.com/ferrum-edge/ferrum-edge/releases/tag/v0.9.14
# This release-specific copy and RELEASE.lock have identical pins.
# Earlier supported releases retain their own locks under releases/.
release v0.9.14
source_sha 9bd4d5f9caa4ebe8f0ea13e76d8a6e2172eaca7d
ferrum-edge-macos-aarch64 e195aa0b74fba6b2f9b9c8e2bf92c0b351c874617499c5b638305c61ea624411
ferrum-edge-linux-aarch64 f23ba7c9fff1d1d924f3047f48e4669d080e1b6acc8214361185af661901c3e9
ferrum-edge-linux-x86_64 d0e89b11dbc29f29e6ea8cab4355b7c551638d370fb4c6a52a0ba7444fc6c020
ferrum-edge-macos-x86_64 e0db84859e9ec6d294ba21ded9cb767ac1994c8a42d35e636c1d90c3c160adcc
ferrum-edge-windows-x86_64.exe b22e5cc4b18973aa834166acdfb825690cc829260753db6867449c420d942e6b
