# An earlier supported release, selected with `anvil-lab --release v0.9.11`
# (or ANVIL_LAB_RELEASE=v0.9.11); the default pin moved to v0.9.14.
# Hosted Anvil qualification of v0.9.11 is recorded in docs/audit/gateway-0.9.11-delta.md.
# Published Edge v0.9.11, release 403215981, immutable source below.
# Asset names and SHA-256 are the actual downloaded release bytes, verified
# against GitHub API digests and published .sha256 files by root (2026-10-04).
# https://github.com/ferrum-edge/ferrum-edge/releases/tag/v0.9.11
release v0.9.11
source_sha c764084b3b51c3f7ffde268c039688d35e49c553
ferrum-edge-macos-aarch64 d9a535fda68f17c67e7a44de4c6c0d037145d8772067c7051fa9bd47a30e12ea
ferrum-edge-linux-aarch64 3f0c4a7334878963792c8c277f49f8b91af24bf2db59996e41ec3f7e41c7fbac
ferrum-edge-linux-x86_64 97cbd7cd277feee8f661e9d2cd97a6383be969fd2fc2b61143601614922f988f
ferrum-edge-macos-x86_64 83a59079dd5661af431c8dcacbc1139c6e3963f9a755e6f13b8e93b1570f59c8
ferrum-edge-windows-x86_64.exe 9bc7c9240fa0898a9efeb6e2dabb74c696772af0bb0ba2f7e57ab70c3d0a86e9
