# Pinned Ferrum Edge release used by the Anvil failure lab.
# Fields: <asset name> <sha256> (copied from the release's .sha256 assets and
# verified locally on download). Source commit of the tag is recorded for
# catalog provenance. Selected with `anvil-lab --release v0.9.10` (or
# ANVIL_LAB_RELEASE=v0.9.10); must stay identical to lab/gateway/RELEASE.lock
# while v0.9.10 is the default pin.
release v0.9.10
source_sha ee040d5e3281fde424aa65f5b18004852c5b53b0
ferrum-edge-macos-aarch64 68cb62ade0ed341766994defd6f78a961cd7c9d8141dfb77f0f001455da9069e
ferrum-edge-linux-aarch64 0c33914550514277e9be387b03ed873d841b8b3cf349c2a429cde436bd8cefd9
ferrum-edge-linux-x86_64 52745149de09932b54bef79cbe5524e2376cb84d0fa7a4d8436ae0bcd19d6559
ferrum-edge-macos-x86_64 78363972b50f19bcd07094c14d01b2599c93aec89adfd7d7544abac5655833c4
ferrum-edge-windows-x86_64.exe 10bbd93a6e5a5d90ef4c3678c7d1a48d7f38d4925d7511d49318b0daf6db5804
